
Microsoft Visual Studio Solution File, Format Version 12.00
# Visual Studio Version 17
VisualStudioVersion = 17.2.32526.322
MinimumVisualStudioVersion = 10.0.40219.1
Project("{9A19103F-16F7-4668-BE54-9A1E7A4F7556}") = "Chapter", "Chapter\Chapter.csproj", "{6269792E-AADD-497E-BDF3-F0024E75BDE5}"
EndProject
Project("{FAE04EC0-301F-11D3-BF4B-00C04F79EFBC}") = "TestProject1", "TestProject1\TestProject1.csproj", "{4FCCC9A1-6397-47EB-8A3E-8D7F81858B19}"
EndProject
Global
	GlobalSection(SolutionConfigurationPlatforms) = preSolution
		Debug|Any CPU = Debug|Any CPU
		Release|Any CPU = Release|Any CPU
	EndGlobalSection
	GlobalSection(ProjectConfigurationPlatforms) = postSolution
		{6269792E-AADD-497E-BDF3-F0024E75BDE5}.Debug|Any CPU.ActiveCfg = Debug|Any CPU
		{6269792E-AADD-497E-BDF3-F0024E75BDE5}.Debug|Any CPU.Build.0 = Debug|Any CPU
		{6269792E-AADD-497E-BDF3-F0024E75BDE5}.Release|Any CPU.ActiveCfg = Release|Any CPU
		{6269792E-AADD-497E-BDF3-F0024E75BDE5}.Release|Any CPU.Build.0 = Release|Any CPU
		{4FCCC9A1-6397-47EB-8A3E-8D7F81858B19}.Debug|Any CPU.ActiveCfg = Debug|Any CPU
		{4FCCC9A1-6397-47EB-8A3E-8D7F81858B19}.Debug|Any CPU.Build.0 = Debug|Any CPU
		{4FCCC9A1-6397-47EB-8A3E-8D7F81858B19}.Release|Any CPU.ActiveCfg = Release|Any CPU
		{4FCCC9A1-6397-47EB-8A3E-8D7F81858B19}.Release|Any CPU.Build.0 = Release|Any CPU
	EndGlobalSection
	GlobalSection(SolutionProperties) = preSolution
		HideSolutionNode = FALSE
	EndGlobalSection
	GlobalSection(ExtensibilityGlobals) = postSolution
		SolutionGuid = {64174FE0-B72F-4EA6-92CD-643C79093FCA}
	EndGlobalSection
EndGlobal
